
Microsoft Visual Studio Solution File, Format Version 12.00
# Visual Studio 14
VisualStudioVersion = 14.0.25123.0
MinimumVisualStudioVersion = 10.0.40219.1
Project("{FAE04EC0-301F-11D3-BF4B-00C04F79EFBC}") = "GrthProject", "GrthProject\GrthProject.csproj", "{85A2A09E-FB32-4CF3-8C3E-60607DEDA14D}"
EndProject
Project("{FAE04EC0-301F-11D3-BF4B-00C04F79EFBC}") = "Grt.Operation.DAL", "Grt.Operation.DAL\Grt.Operation.DAL.csproj", "{14A53BE8-0DD9-4AF3-8A27-82E5F43404C6}"
EndProject
Global
	GlobalSection(SolutionConfigurationPlatforms) = preSolution
		Debug|Any CPU = Debug|Any CPU
		Release|Any CPU = Release|Any CPU
	EndGlobalSection
	GlobalSection(ProjectConfigurationPlatforms) = postSolution
		{85A2A09E-FB32-4CF3-8C3E-60607DEDA14D}.Debug|Any CPU.ActiveCfg = Debug|Any CPU
		{85A2A09E-FB32-4CF3-8C3E-60607DEDA14D}.Debug|Any CPU.Build.0 = Debug|Any CPU
		{85A2A09E-FB32-4CF3-8C3E-60607DEDA14D}.Release|Any CPU.ActiveCfg = Release|Any CPU
		{85A2A09E-FB32-4CF3-8C3E-60607DEDA14D}.Release|Any CPU.Build.0 = Release|Any CPU
		{14A53BE8-0DD9-4AF3-8A27-82E5F43404C6}.Debug|Any CPU.ActiveCfg = Debug|Any CPU
		{14A53BE8-0DD9-4AF3-8A27-82E5F43404C6}.Debug|Any CPU.Build.0 = Debug|Any CPU
		{14A53BE8-0DD9-4AF3-8A27-82E5F43404C6}.Release|Any CPU.ActiveCfg = Release|Any CPU
		{14A53BE8-0DD9-4AF3-8A27-82E5F43404C6}.Release|Any CPU.Build.0 = Release|Any CPU
	EndGlobalSection
	GlobalSection(SolutionProperties) = preSolution
		HideSolutionNode = FALSE
	EndGlobalSection
EndGlobal
